lockfileVersion: '9.0'

settings:
  autoInstallPeers: true
  excludeLinksFromLockfile: false

importers:

  .:
    dependencies:
      esprima-walk:
        specifier: 0.1.0
        version: 0.1.0
      flow-parser:
        specifier: 0.330.0
        version: 0.330.0
      i18next:
        specifier: 26.4.2
        version: 26.4.2
      i18next-http-backend:
        specifier: ^4.0.2
        version: 4.0.2
      i18next-icu:
        specifier: ^2.4.4
        version: 2.4.4(intl-messageformat@11.2.14)
      intl-messageformat:
        specifier: ^11.2.14
        version: 11.2.14
    devDependencies:
      prettier:
        specifier: ^3.9.6
        version: 3.9.6

packages:

  '@formatjs/fast-memoize@3.1.7':
    resolution: {integrity: sha512-zXfhLpvA6T7+efdt9JLbBwZ00tT7NsBMDVnDu8rpHeNNv8KfRZAMo2gkG0k9lK/Nzc//3kJ9pImsfuJxk3KhUA==}

  '@formatjs/icu-messageformat-parser@3.5.17':
    resolution: {integrity: sha512-cN9jhVqT7u0K9tix43fhjoUwL0nazyW6zsNIXs2QdPADr+nurPfYyssUiMqcSCGlPcCiqnYVxgSn7zBSuI+5Bg==}

  '@formatjs/icu-skeleton-parser@2.1.11':
    resolution: {integrity: sha512-j8cUmOJzVgkHuS0QiQ6ga76UIoLOFSAMWhs7aZJztH3aAdCOAE6vpC8KVvFB4cU10ON0y2/5oOVmPJ43s2lTwA==}

  esprima-walk@0.1.0:
    resolution: {integrity: sha512-m6WoPZYUeZddA89hz3UR+76abuQnJRS03KDOI0ZdeqKRJUImyLfYwAkPdDt5Prni2DovlAHK4JQ6DjE5t/ZTeQ==}

  flow-estree@0.330.0:
    resolution: {integrity: sha512-IIEGATLNfih3R7AfKYI1ZstiV+RFjRuX1GhrB9gZBifhovHcyTag9IlvkFiSP2hM7G6i1HfAwjn6i3s+EN6SZQ==}
    engines: {node: '>=18'}

  flow-parser@0.330.0:
    resolution: {integrity: sha512-ytk/NqSxCVNJ6cwlp/rHLot0bE4KGt0LAIcOU0F9QXwp9zdUI0EdDzKETLHVRVkmZj3bROT9v0YZVdD6yJC6gg==}
    engines: {node: '>=0.4.0'}

  i18next-http-backend@4.0.2:
    resolution: {integrity: sha512-oay62dIB2kL7+WHzoUXBjWfL3+mwijD3pQkQkIEaRLhy6kjXxUhrRenV0gInwlCASAaJaDy94+XvYizK+cAGdA==}
    engines: {node: '>=18'}

  i18next-icu@2.4.4:
    resolution: {integrity: sha512-yfYdGTftClNUnZAQG1cu0yHHLaMVsrqfcgQHHchGDufkunBLKHuw2wXTCDuE+8mWMMcdePl8UBR0EUUA/3+FDw==}
    peerDependencies:
      intl-messageformat: '>=10.3.3 <12.0.0'

  i18next@26.4.2:
    resolution: {integrity: sha512-RX+R0VLg13IbvRuJSxnqykUFS9vQZTl8wYpWPCIUDWVrSGjsQywB5Y+pjzrkboxGAuYfJZVH1InFTdgBdxq6ug==}
    peerDependencies:
      typescript: ^5 || ^6 || ^7
    peerDependenciesMeta:
      typescript:
        optional: true

  intl-messageformat@11.2.14:
    resolution: {integrity: sha512-9f2VD1HFuxUvMw0RxsaP8WmMns6JRTnsNB/zghTFrp11ZktiXWwVDeZBPQchBKEmo+Gx/ZhxI7Qht7YglFD4PA==}

  prettier@3.9.6:
    resolution: {integrity: sha512-OpN0zzVdiaiAhxpuuj5efpIS4sY9j7bY6uR5mnj5yPzGkdkjNKSJeUThPb60Jw29QuAZgA4o+/iB49kFiaBX6g==}
    engines: {node: '>=14'}
    hasBin: true

snapshots:

  '@formatjs/fast-memoize@3.1.7': {}

  '@formatjs/icu-messageformat-parser@3.5.17':
    dependencies:
      '@formatjs/icu-skeleton-parser': 2.1.11

  '@formatjs/icu-skeleton-parser@2.1.11': {}

  esprima-walk@0.1.0: {}

  flow-estree@0.330.0: {}

  flow-parser@0.330.0:
    dependencies:
      flow-estree: 0.330.0

  i18next-http-backend@4.0.2: {}

  i18next-icu@2.4.4(intl-messageformat@11.2.14):
    dependencies:
      intl-messageformat: 11.2.14

  i18next@26.4.2: {}

  intl-messageformat@11.2.14:
    dependencies:
      '@formatjs/fast-memoize': 3.1.7
      '@formatjs/icu-messageformat-parser': 3.5.17

  prettier@3.9.6: {}
