# This file is generated by running "yarn install" inside your project.
# Manual changes might be lost - proceed with caution!

__metadata:
  version: 9
  cacheKey: 10

"@formatjs/fast-memoize@npm:3.1.4":
  version: 3.1.4
  resolution: "@formatjs/fast-memoize@npm:3.1.4"
  checksum: 10/d5b91124eada6555b48cd97538e3f1e3820312e044b654bde71885ee188205d4d468c45da1db9945e6609af7459e2944a35700d39655cc7f884115364ebfea5e
  languageName: node
  linkType: hard

"@formatjs/icu-messageformat-parser@npm:3.5.7":
  version: 3.5.7
  resolution: "@formatjs/icu-messageformat-parser@npm:3.5.7"
  dependencies:
    "@formatjs/icu-skeleton-parser": "npm:2.1.7"
  checksum: 10/53cc888c7962fc580f200adb70fb23807ba8512e496d6640bddcaec4671028db571a9187fae29f0af2cb651689bec210708eb004ca0ae0473c59a55fc3d04240
  languageName: node
  linkType: hard

"@formatjs/icu-skeleton-parser@npm:2.1.7":
  version: 2.1.7
  resolution: "@formatjs/icu-skeleton-parser@npm:2.1.7"
  checksum: 10/062e8f1da552df8b11977f02e56a7454ea15ae007bf8eae5229f20a0db21d6f3afa4bb30653d1250414ae2f903aa5f2f2f3b48a35f117f74a1fffec34612487b
  languageName: node
  linkType: hard

"@freckle/i18n-scripts@workspace:.":
  version: 0.0.0-use.local
  resolution: "@freckle/i18n-scripts@workspace:."
  dependencies:
    esprima-walk: "npm:0.1.0"
    flow-parser: "npm:0.313.0"
    i18next: "npm:26.0.8"
    i18next-http-backend: "npm:^4.0.0"
    i18next-icu: "npm:^2.4.3"
    intl-messageformat: "npm:^11.2.4"
  bin:
    check-i18n-variables: ./dist/check-i18n-variables.js
    check-i18next-icu-parser: ./dist/check-i18next-icu-parser.js
    check-missing-translations: ./dist/check-missing-translations.js
  languageName: unknown
  linkType: soft

"esprima-walk@npm:0.1.0":
  version: 0.1.0
  resolution: "esprima-walk@npm:0.1.0"
  checksum: 10/976fe98d3bfb3fd78906ab774388ad41ef2adeb2cddea4ddb5803cdccc438bc7e83cce294b6e513b9144c3bc2a902f4b22904a51d3c84c583c38b9fd1c2823dc
  languageName: node
  linkType: hard

"flow-parser@npm:0.313.0":
  version: 0.313.0
  resolution: "flow-parser@npm:0.313.0"
  checksum: 10/2c0b7cd2cf81ec35cacc8719c7879493d488c5a4693957c4c91fc2b2a6b07d8c8f13eac7e9d476384e4a2445eef8ddfc48d7a51b194aa7a6495a9ce887f7e462
  languageName: node
  linkType: hard

"i18next-http-backend@npm:^4.0.0":
  version: 4.0.0
  resolution: "i18next-http-backend@npm:4.0.0"
  checksum: 10/8794eaf054f7c91148c286c0b0e80f8a31d4ec088206676c3819b78412b1334ab1fd2878d0df66b3dd3e2c39ad0ab769ad17719f1cc9611c7ce02513dff7ed1f
  languageName: node
  linkType: hard

"i18next-icu@npm:^2.4.3":
  version: 2.4.3
  resolution: "i18next-icu@npm:2.4.3"
  peerDependencies:
    intl-messageformat: ">=10.3.3 <12.0.0"
  checksum: 10/5d29e1b9fbf9381ae8afaf569d7d7dcdbcfc5f26f0b600d56e10a81802caa3b4a923694d5c851b87805f6270da489f28e52f9445d90efb87fbc6fd384a09cbdb
  languageName: node
  linkType: hard

"i18next@npm:26.0.8":
  version: 26.0.8
  resolution: "i18next@npm:26.0.8"
  peerDependencies:
    typescript: ^5 || ^6
  peerDependenciesMeta:
    typescript:
      optional: true
  checksum: 10/e25ca27671fb04d358ff7b2d5253482e4bb091bb3f26bd245b443e9e5d68c8c09388d2242a78688f5523ad0a141bd4bea361842a746e13391256aee41e4e8e91
  languageName: node
  linkType: hard

"intl-messageformat@npm:^11.2.4":
  version: 11.2.4
  resolution: "intl-messageformat@npm:11.2.4"
  dependencies:
    "@formatjs/fast-memoize": "npm:3.1.4"
    "@formatjs/icu-messageformat-parser": "npm:3.5.7"
  checksum: 10/7376af3c8d804764863fef7bd8b88082575a2275140e34ff705865fd11b4c445f5f66017e8663d928b6125e4621f85576c6fb3f602696f098a02d6f1faf6b253
  languageName: node
  linkType: hard
