# This file is generated by running "yarn install" inside your project.
# Manual changes might be lost - proceed with caution!

__metadata:
  version: 10
  cacheKey: 10

"@formatjs/fast-memoize@npm:3.1.7":
  version: 3.1.7
  resolution: "@formatjs/fast-memoize@npm:3.1.7"
  checksum: 10/2d7ead48684539764ecb8a52178719169186595e830d9d6941eff12bec1ae31e20642a9cfd197007c48a8cc7e965bf61445ffcccc0fd77281341271d00e7b8fb
  languageName: node
  linkType: hard

"@formatjs/icu-messageformat-parser@npm:3.5.15":
  version: 3.5.15
  resolution: "@formatjs/icu-messageformat-parser@npm:3.5.15"
  dependencies:
    "@formatjs/icu-skeleton-parser": "npm:2.1.11"
  checksum: 10/4337a0bc8df86c498509a3a4b51fc2b4bb6e36c444447d64b5d5ca7b60b3dac676e67863e160b5269f7d35a42f3ab17d2eeeb056123120181db31c7a50f831e9
  languageName: node
  linkType: hard

"@formatjs/icu-skeleton-parser@npm:2.1.11":
  version: 2.1.11
  resolution: "@formatjs/icu-skeleton-parser@npm:2.1.11"
  checksum: 10/492f42bd4ad72b2cdb4fd75a07e3874aa78e88f346027058f74c58e3828378092784176c9f7c77f4b5baf58ffaa1a4e8f5efcb53143552def2990510d0ac3c16
  languageName: node
  linkType: hard

"@freckle/i18n-scripts@workspace:.":
  version: 0.0.0-use.local
  resolution: "@freckle/i18n-scripts@workspace:."
  dependencies:
    esprima-walk: "npm:0.1.0"
    flow-parser: "npm:0.322.0"
    i18next: "npm:26.3.6"
    i18next-http-backend: "npm:^4.0.0"
    i18next-icu: "npm:^2.4.4"
    intl-messageformat: "npm:^11.2.12"
  bin:
    check-i18n-variables: ./dist/check-i18n-variables.js
    check-i18next-icu-parser: ./dist/check-i18next-icu-parser.js
    check-missing-translations: ./dist/check-missing-translations.js
  languageName: unknown
  linkType: soft

"esprima-walk@npm:0.1.0":
  version: 0.1.0
  resolution: "esprima-walk@npm:0.1.0"
  checksum: 10/976fe98d3bfb3fd78906ab774388ad41ef2adeb2cddea4ddb5803cdccc438bc7e83cce294b6e513b9144c3bc2a902f4b22904a51d3c84c583c38b9fd1c2823dc
  languageName: node
  linkType: hard

"flow-estree@npm:0.322.0":
  version: 0.322.0
  resolution: "flow-estree@npm:0.322.0"
  checksum: 10/4795e5c4ef6b85bb9cee220384207221391822c8285217217ac0ad5c6b53c8a1e98f600167bc63bf530523d372c600fe73c9b6e429e0d07c497634b87a804c4a
  languageName: node
  linkType: hard

"flow-parser@npm:0.322.0":
  version: 0.322.0
  resolution: "flow-parser@npm:0.322.0"
  dependencies:
    flow-estree: "npm:0.322.0"
  checksum: 10/469000b83704ad887e3a4c7d25f7b425e682849b4fb3a8acb89ed3089816749cd887757720089643000fd30fc521366eb48a8bfafc6d2f353ffe907766ebb0f1
  languageName: node
  linkType: hard

"i18next-http-backend@npm:^4.0.0":
  version: 4.0.0
  resolution: "i18next-http-backend@npm:4.0.0"
  checksum: 10/8794eaf054f7c91148c286c0b0e80f8a31d4ec088206676c3819b78412b1334ab1fd2878d0df66b3dd3e2c39ad0ab769ad17719f1cc9611c7ce02513dff7ed1f
  languageName: node
  linkType: hard

"i18next-icu@npm:^2.4.4":
  version: 2.4.4
  resolution: "i18next-icu@npm:2.4.4"
  peerDependencies:
    intl-messageformat: ">=10.3.3 <12.0.0"
  checksum: 10/f9ef5c8a2c8b8113adf30681bf3654cd1cd2dce5f6c0c8212f98d125d31cbf71816dea0ec9a263719f013259d7586774475d03a3ae3a1749fe7bb49caa5ad3a7
  languageName: node
  linkType: hard

"i18next@npm:26.3.6":
  version: 26.3.6
  resolution: "i18next@npm:26.3.6"
  peerDependencies:
    typescript: ^5 || ^6 || ^7
  peerDependenciesMeta:
    typescript:
      optional: true
  checksum: 10/529f1dbfae6b0fe98d997af98af5d6d0a0e27ddf5b91b81c5dfccad94e3a66dceeba2d1b7327f0045085bc4d552abbf4a1efbfadd4bbb98d13a54e3310eae428
  languageName: node
  linkType: hard

"intl-messageformat@npm:^11.2.12":
  version: 11.2.12
  resolution: "intl-messageformat@npm:11.2.12"
  dependencies:
    "@formatjs/fast-memoize": "npm:3.1.7"
    "@formatjs/icu-messageformat-parser": "npm:3.5.15"
  checksum: 10/e9fb7dfe11f3fc34cb01e24f550f060c8c3e56a07d634b9e10a525a57df49300cf0721fc3a8b3771fb54e8a3171571815f36dd2ab9f78024bbc11b4a58f947a2
  languageName: node
  linkType: hard
